
Microsoft Visual Studio Solution File, Format Version 12.00
# Visual Studio Version 16
VisualStudioVersion = 16.0.30320.27
MinimumVisualStudioVersion = 10.0.40219.1
Project("{FAE04EC0-301F-11D3-BF4B-00C04F79EFBC}") = "E3 Code", "E3 Code\E3 Code.csproj", "{775F123D-E726-4C8A-821C-592F732125FB}"
EndProject
Project("{FAE04EC0-301F-11D3-BF4B-00C04F79EFBC}") = "UnitTestFakeEmployeeRepository", "E3 Code\UnitTestFakeEmployeeRepository\UnitTestFakeEmployeeRepository.csproj", "{2D46B6AB-FF9C-4A06-BAA7-4F9EFCB429EE}"
EndProject
Global
	GlobalSection(SolutionConfigurationPlatforms) = preSolution
		Debug|Any CPU = Debug|Any CPU
		Release|Any CPU = Release|Any CPU
	EndGlobalSection
	GlobalSection(ProjectConfigurationPlatforms) = postSolution
		{775F123D-E726-4C8A-821C-592F732125FB}.Debug|Any CPU.ActiveCfg = Debug|Any CPU
		{775F123D-E726-4C8A-821C-592F732125FB}.Debug|Any CPU.Build.0 = Debug|Any CPU
		{775F123D-E726-4C8A-821C-592F732125FB}.Release|Any CPU.ActiveCfg = Release|Any CPU
		{775F123D-E726-4C8A-821C-592F732125FB}.Release|Any CPU.Build.0 = Release|Any CPU
		{2D46B6AB-FF9C-4A06-BAA7-4F9EFCB429EE}.Debug|Any CPU.ActiveCfg = Debug|Any CPU
		{2D46B6AB-FF9C-4A06-BAA7-4F9EFCB429EE}.Debug|Any CPU.Build.0 = Debug|Any CPU
		{2D46B6AB-FF9C-4A06-BAA7-4F9EFCB429EE}.Release|Any CPU.ActiveCfg = Release|Any CPU
		{2D46B6AB-FF9C-4A06-BAA7-4F9EFCB429EE}.Release|Any CPU.Build.0 = Release|Any CPU
	EndGlobalSection
	GlobalSection(SolutionProperties) = preSolution
		HideSolutionNode = FALSE
	EndGlobalSection
	GlobalSection(ExtensibilityGlobals) = postSolution
		SolutionGuid = {96E10FF8-397E-485B-A305-F4C13AB80514}
	EndGlobalSection
EndGlobal
